
Microsoft Visual Studio Solution File, Format Version 12.00
# Visual Studio Version 17
VisualStudioVersion = 17.3.32929.385
MinimumVisualStudioVersion = 10.0.40219.1
Project("{8BC9CEB8-8B4A-11D0-8D11-00A0C91BC942}") = "Code in les", "Code in les\Code in les.vcxproj", "{CB6A7D49-A1A6-4ACE-BB19-9A7FF1979066}"
EndProject
Project("{8BC9CEB8-8B4A-11D0-8D11-00A0C91BC942}") = "Vragen 5.12", "Vragen 5.12\Vragen 5.12.vcxproj", "{364EB00E-6DCB-4614-A13F-C67DEAB60C22}"
EndProject
Project("{8BC9CEB8-8B4A-11D0-8D11-00A0C91BC942}") = "Opdracht_5.13.1", "Opdracht_5.13.1\Opdracht_5.13.1.vcxproj", "{737EC6B3-854D-4651-B78D-F9B36AB4D9DF}"
EndProject
Project("{8BC9CEB8-8B4A-11D0-8D11-00A0C91BC942}") = "Opdracht_5.13.2", "Opdracht_5.13.2\Opdracht_5.13.2.vcxproj", "{91817F3D-7196-49DA-AFBF-D6FBFBE3A736}"
EndProject
Project("{8BC9CEB8-8B4A-11D0-8D11-00A0C91BC942}") = "Opdracht_5.13.3", "Opdracht_5.13.3\Opdracht_5.13.3.vcxproj", "{3CCFB4A7-C156-4383-8D78-487F8428AF4A}"
EndProject
Project("{8BC9CEB8-8B4A-11D0-8D11-00A0C91BC942}") = "Opdracht_5.13.4", "Opdracht_5.13.4\Opdracht_5.13.4.vcxproj", "{23A389C1-3DCF-4F2D-A8B8-011EAD35F2DA}"
EndProject
Project("{8BC9CEB8-8B4A-11D0-8D11-00A0C91BC942}") = "Opdracht_5.13.5", "Opdracht_5.13.5\Opdracht_5.13.5.vcxproj", "{BB7FCE31-A8F1-47EC-9CB2-6BBD259A62EF}"
EndProject
Project("{8BC9CEB8-8B4A-11D0-8D11-00A0C91BC942}") = "Opdracht_5.13.6", "Opdracht_5.13.6\Opdracht_5.13.6.vcxproj", "{C6B661DC-F9C7-44FB-87B7-65B12C8407BA}"
EndProject
Project("{8BC9CEB8-8B4A-11D0-8D11-00A0C91BC942}") = "Opdracht_5.13.7", "Opdracht_5.13.7\Opdracht_5.13.7.vcxproj", "{02181113-FBF9-4CC5-9BC5-73C24FC89A64}"
EndProject
Global
	GlobalSection(SolutionConfigurationPlatforms) = preSolution
		Debug|x64 = Debug|x64
		Debug|x86 = Debug|x86
		Release|x64 = Release|x64
		Release|x86 = Release|x86
	EndGlobalSection
	GlobalSection(ProjectConfigurationPlatforms) = postSolution
		{CB6A7D49-A1A6-4ACE-BB19-9A7FF1979066}.Debug|x64.ActiveCfg = Debug|x64
		{CB6A7D49-A1A6-4ACE-BB19-9A7FF1979066}.Debug|x64.Build.0 = Debug|x64
		{CB6A7D49-A1A6-4ACE-BB19-9A7FF1979066}.Debug|x86.ActiveCfg = Debug|Win32
		{CB6A7D49-A1A6-4ACE-BB19-9A7FF1979066}.Debug|x86.Build.0 = Debug|Win32
		{CB6A7D49-A1A6-4ACE-BB19-9A7FF1979066}.Release|x64.ActiveCfg = Release|x64
		{CB6A7D49-A1A6-4ACE-BB19-9A7FF1979066}.Release|x64.Build.0 = Release|x64
		{CB6A7D49-A1A6-4ACE-BB19-9A7FF1979066}.Release|x86.ActiveCfg = Release|Win32
		{CB6A7D49-A1A6-4ACE-BB19-9A7FF1979066}.Release|x86.Build.0 = Release|Win32
		{364EB00E-6DCB-4614-A13F-C67DEAB60C22}.Debug|x64.ActiveCfg = Debug|x64
		{364EB00E-6DCB-4614-A13F-C67DEAB60C22}.Debug|x64.Build.0 = Debug|x64
		{364EB00E-6DCB-4614-A13F-C67DEAB60C22}.Debug|x86.ActiveCfg = Debug|Win32
		{364EB00E-6DCB-4614-A13F-C67DEAB60C22}.Debug|x86.Build.0 = Debug|Win32
		{364EB00E-6DCB-4614-A13F-C67DEAB60C22}.Release|x64.ActiveCfg = Release|x64
		{364EB00E-6DCB-4614-A13F-C67DEAB60C22}.Release|x64.Build.0 = Release|x64
		{364EB00E-6DCB-4614-A13F-C67DEAB60C22}.Release|x86.ActiveCfg = Release|Win32
		{364EB00E-6DCB-4614-A13F-C67DEAB60C22}.Release|x86.Build.0 = Release|Win32
		{737EC6B3-854D-4651-B78D-F9B36AB4D9DF}.Debug|x64.ActiveCfg = Debug|x64
		{737EC6B3-854D-4651-B78D-F9B36AB4D9DF}.Debug|x64.Build.0 = Debug|x64
		{737EC6B3-854D-4651-B78D-F9B36AB4D9DF}.Debug|x86.ActiveCfg = Debug|Win32
		{737EC6B3-854D-4651-B78D-F9B36AB4D9DF}.Debug|x86.Build.0 = Debug|Win32
		{737EC6B3-854D-4651-B78D-F9B36AB4D9DF}.Release|x64.ActiveCfg = Release|x64
		{737EC6B3-854D-4651-B78D-F9B36AB4D9DF}.Release|x64.Build.0 = Release|x64
		{737EC6B3-854D-4651-B78D-F9B36AB4D9DF}.Release|x86.ActiveCfg = Release|Win32
		{737EC6B3-854D-4651-B78D-F9B36AB4D9DF}.Release|x86.Build.0 = Release|Win32
		{91817F3D-7196-49DA-AFBF-D6FBFBE3A736}.Debug|x64.ActiveCfg = Debug|x64
		{91817F3D-7196-49DA-AFBF-D6FBFBE3A736}.Debug|x64.Build.0 = Debug|x64
		{91817F3D-7196-49DA-AFBF-D6FBFBE3A736}.Debug|x86.ActiveCfg = Debug|Win32
		{91817F3D-7196-49DA-AFBF-D6FBFBE3A736}.Debug|x86.Build.0 = Debug|Win32
		{91817F3D-7196-49DA-AFBF-D6FBFBE3A736}.Release|x64.ActiveCfg = Release|x64
		{91817F3D-7196-49DA-AFBF-D6FBFBE3A736}.Release|x64.Build.0 = Release|x64
		{91817F3D-7196-49DA-AFBF-D6FBFBE3A736}.Release|x86.ActiveCfg = Release|Win32
		{91817F3D-7196-49DA-AFBF-D6FBFBE3A736}.Release|x86.Build.0 = Release|Win32
		{3CCFB4A7-C156-4383-8D78-487F8428AF4A}.Debug|x64.ActiveCfg = Debug|x64
		{3CCFB4A7-C156-4383-8D78-487F8428AF4A}.Debug|x64.Build.0 = Debug|x64
		{3CCFB4A7-C156-4383-8D78-487F8428AF4A}.Debug|x86.ActiveCfg = Debug|Win32
		{3CCFB4A7-C156-4383-8D78-487F8428AF4A}.Debug|x86.Build.0 = Debug|Win32
		{3CCFB4A7-C156-4383-8D78-487F8428AF4A}.Release|x64.ActiveCfg = Release|x64
		{3CCFB4A7-C156-4383-8D78-487F8428AF4A}.Release|x64.Build.0 = Release|x64
		{3CCFB4A7-C156-4383-8D78-487F8428AF4A}.Release|x86.ActiveCfg = Release|Win32
		{3CCFB4A7-C156-4383-8D78-487F8428AF4A}.Release|x86.Build.0 = Release|Win32
		{23A389C1-3DCF-4F2D-A8B8-011EAD35F2DA}.Debug|x64.ActiveCfg = Debug|x64
		{23A389C1-3DCF-4F2D-A8B8-011EAD35F2DA}.Debug|x64.Build.0 = Debug|x64
		{23A389C1-3DCF-4F2D-A8B8-011EAD35F2DA}.Debug|x86.ActiveCfg = Debug|Win32
		{23A389C1-3DCF-4F2D-A8B8-011EAD35F2DA}.Debug|x86.Build.0 = Debug|Win32
		{23A389C1-3DCF-4F2D-A8B8-011EAD35F2DA}.Release|x64.ActiveCfg = Release|x64
		{23A389C1-3DCF-4F2D-A8B8-011EAD35F2DA}.Release|x64.Build.0 = Release|x64
		{23A389C1-3DCF-4F2D-A8B8-011EAD35F2DA}.Release|x86.ActiveCfg = Release|Win32
		{23A389C1-3DCF-4F2D-A8B8-011EAD35F2DA}.Release|x86.Build.0 = Release|Win32
		{BB7FCE31-A8F1-47EC-9CB2-6BBD259A62EF}.Debug|x64.ActiveCfg = Debug|x64
		{BB7FCE31-A8F1-47EC-9CB2-6BBD259A62EF}.Debug|x64.Build.0 = Debug|x64
		{BB7FCE31-A8F1-47EC-9CB2-6BBD259A62EF}.Debug|x86.ActiveCfg = Debug|Win32
		{BB7FCE31-A8F1-47EC-9CB2-6BBD259A62EF}.Debug|x86.Build.0 = Debug|Win32
		{BB7FCE31-A8F1-47EC-9CB2-6BBD259A62EF}.Release|x64.ActiveCfg = Release|x64
		{BB7FCE31-A8F1-47EC-9CB2-6BBD259A62EF}.Release|x64.Build.0 = Release|x64
		{BB7FCE31-A8F1-47EC-9CB2-6BBD259A62EF}.Release|x86.ActiveCfg = Release|Win32
		{BB7FCE31-A8F1-47EC-9CB2-6BBD259A62EF}.Release|x86.Build.0 = Release|Win32
		{C6B661DC-F9C7-44FB-87B7-65B12C8407BA}.Debug|x64.ActiveCfg = Debug|x64
		{C6B661DC-F9C7-44FB-87B7-65B12C8407BA}.Debug|x64.Build.0 = Debug|x64
		{C6B661DC-F9C7-44FB-87B7-65B12C8407BA}.Debug|x86.ActiveCfg = Debug|Win32
		{C6B661DC-F9C7-44FB-87B7-65B12C8407BA}.Debug|x86.Build.0 = Debug|Win32
		{C6B661DC-F9C7-44FB-87B7-65B12C8407BA}.Release|x64.ActiveCfg = Release|x64
		{C6B661DC-F9C7-44FB-87B7-65B12C8407BA}.Release|x64.Build.0 = Release|x64
		{C6B661DC-F9C7-44FB-87B7-65B12C8407BA}.Release|x86.ActiveCfg = Release|Win32
		{C6B661DC-F9C7-44FB-87B7-65B12C8407BA}.Release|x86.Build.0 = Release|Win32
		{02181113-FBF9-4CC5-9BC5-73C24FC89A64}.Debug|x64.ActiveCfg = Debug|x64
		{02181113-FBF9-4CC5-9BC5-73C24FC89A64}.Debug|x64.Build.0 = Debug|x64
		{02181113-FBF9-4CC5-9BC5-73C24FC89A64}.Debug|x86.ActiveCfg = Debug|Win32
		{02181113-FBF9-4CC5-9BC5-73C24FC89A64}.Debug|x86.Build.0 = Debug|Win32
		{02181113-FBF9-4CC5-9BC5-73C24FC89A64}.Release|x64.ActiveCfg = Release|x64
		{02181113-FBF9-4CC5-9BC5-73C24FC89A64}.Release|x64.Build.0 = Release|x64
		{02181113-FBF9-4CC5-9BC5-73C24FC89A64}.Release|x86.ActiveCfg = Release|Win32
		{02181113-FBF9-4CC5-9BC5-73C24FC89A64}.Release|x86.Build.0 = Release|Win32
	EndGlobalSection
	GlobalSection(SolutionProperties) = preSolution
		HideSolutionNode = FALSE
	EndGlobalSection
	GlobalSection(ExtensibilityGlobals) = postSolution
		SolutionGuid = {165B5BB7-71A2-41F8-A7D5-DC04D556E886}
	EndGlobalSection
EndGlobal
