
Microsoft Visual Studio Solution File, Format Version 12.00
# Visual Studio Version 17
VisualStudioVersion = 17.3.32929.385
MinimumVisualStudioVersion = 10.0.40219.1
Project("{8BC9CEB8-8B4A-11D0-8D11-00A0C91BC942}") = "Code in les", "Code in les\Code in les.vcxproj", "{CB6A7D49-A1A6-4ACE-BB19-9A7FF1979066}"
EndProject
Global
	GlobalSection(SolutionConfigurationPlatforms) = preSolution
		Debug|x64 = Debug|x64
		Debug|x86 = Debug|x86
		Release|x64 = Release|x64
		Release|x86 = Release|x86
	EndGlobalSection
	GlobalSection(ProjectConfigurationPlatforms) = postSolution
		{CB6A7D49-A1A6-4ACE-BB19-9A7FF1979066}.Debug|x64.ActiveCfg = Debug|x64
		{CB6A7D49-A1A6-4ACE-BB19-9A7FF1979066}.Debug|x64.Build.0 = Debug|x64
		{CB6A7D49-A1A6-4ACE-BB19-9A7FF1979066}.Debug|x86.ActiveCfg = Debug|Win32
		{CB6A7D49-A1A6-4ACE-BB19-9A7FF1979066}.Debug|x86.Build.0 = Debug|Win32
		{CB6A7D49-A1A6-4ACE-BB19-9A7FF1979066}.Release|x64.ActiveCfg = Release|x64
		{CB6A7D49-A1A6-4ACE-BB19-9A7FF1979066}.Release|x64.Build.0 = Release|x64
		{CB6A7D49-A1A6-4ACE-BB19-9A7FF1979066}.Release|x86.ActiveCfg = Release|Win32
		{CB6A7D49-A1A6-4ACE-BB19-9A7FF1979066}.Release|x86.Build.0 = Release|Win32
	EndGlobalSection
	GlobalSection(SolutionProperties) = preSolution
		HideSolutionNode = FALSE
	EndGlobalSection
	GlobalSection(ExtensibilityGlobals) = postSolution
		SolutionGuid = {165B5BB7-71A2-41F8-A7D5-DC04D556E886}
	EndGlobalSection
EndGlobal
